github.com/bwmarrin/snowflake v0.3.0 h1:xm67bEhkKh6ij1790JB83OujPR5CzNe8QuQqAgISZN0=
github.com/bwmarrin/snowflake v0.3.0/go.mod h1:NdZxfVWX+oR6y2K0o6qAYv6gIOP9rjG0/E9WsDpxqwE=
github.com/chilts/sid v0.0.0-20190607042430-660e94789ec9 h1:z0uK8UQqjMVYzvk4tiiu3obv2B44+XBsvgEJREQfnO8=
github.com/chilts/sid v0.0.0-20190607042430-660e94789ec9/go.mod h1:Jl2neWsQaDanWORdqZ4emBl50J4/aRBBS4FyyG9/PFo=
github.com/deckarep/golang-set v1.7.1 h1:SCQV0S6gTtp6itiFrTqI+pfmJ4LN85S1YzhDf9rTHJQ=
github.com/deckarep/golang-set v1.7.1/go.mod h1:93vsz/8Wt4joVM7c2AVqh+YRMiUSc14yDtF28KmMOgQ=
github.com/gofrs/uuid v4.0.0+incompatible h1:1SD/1F5pU8p29ybwgQSwpQk+mwdRrXCYuPhW6m+TnJw=
github.com/gofrs/uuid v4.0.0+incompatible/go.mod h1:b2aQJv3Z4Fp6yNu3cdSllBxTCLRxnplIgP/c0N/04lM=
github.com/google/uuid v1.2.0 h1:qJYtXnJRWmpe7m/3XlyhrsLrEURqHRM2kxzoxXqyUDs=
github.com/google/uuid v1.2.0/go.mod h1:TIyPZe4MgqvfeYDBFedMoGGpEw/LqOeaOT+nhxU+yHo=
github.com/kjk/betterguid v0.0.0-20170621091430-c442874ba63a h1:b+Gt8sQs//Sl5Dcem5zP9Qc2FgEUAygREa2AAa2Vmcw=
github.com/kjk/betterguid v0.0.0-20170621091430-c442874ba63a/go.mod h1:uxRAhHE1nl34DpWgfe0CYbNYbCnYplaB6rZH9ReWtUk=
github.com/lithammer/shortuuid v3.0.0+incompatible h1:NcD0xWW/MZYXEHa6ITy6kaXN5nwm/V115vj2YXfhS0w=
github.com/lithammer/shortuuid v3.0.0+incompatible/go.mod h1:FR74pbAuElzOUuenUHTK2Tciko1/vKuIKS9dSkDrA4w=
github.com/matoous/go-nanoid v1.5.0 h1:VRorl6uCngneC4oUQqOYtO3S0H5QKFtKuKycFG3euek=
github.com/matoous/go-nanoid v1.5.0/go.mod h1:zyD2a71IubI24efhpvkJz+ZwfwagzgSO6UNiFsZKN7U=
github.com/oklog/ulid v1.3.1 h1:EGfNDEx6MqHz8B3uNV6QAib1UR2Lm97sHi3ocA6ESJ4=
github.com/oklog/ulid v1.3.1/go.mod h1:CirwcVhetQ6Lv90oh/F+FBtV6XMibvdAFo93nm5qn4U=
github.com/rs/xid v1.2.1 h1:mhH9Nq+C1fY2l1XIpgxIiUOfNpRBYH1kKcr+qfKgjRc=
github.com/rs/xid v1.2.1/go.mod h1:+uKXf+4Djp6Md1KODXJxgGQPKngRmWyn10oCKFzNHOQ=
github.com/segmentio/ksuid v1.0.3 h1:FoResxvleQwYiPAVKe1tMUlEirodZqlqglIuFsdDntY=
github.com/segmentio/ksuid v1.0.3/go.mod h1:/XUiZBD3kVx5SmUOl55voK5yeAbBNNIed+2O73XgrPE=
github.com/sony/sonyflake v1.0.0 h1:MpU6Ro7tfXwgn2l5eluf9xQvQJDROTBImNCfRXn/YeM=
github.com/sony/sonyflake v1.0.0/go.mod h1:Jv3cfhf/UFtolOTTRd3q4Nl6ENqM+KfyZ5PseKfZGF4=
